
Microsoft Visual Studio Solution File, Format Version 12.00
# Visual Studio 2012
Project("{FAE04EC0-301F-11D3-BF4B-00C04F79EFBC}") = "AnimalMarketEngine", "AnimalMarketEngine\AnimalMarketEngine.csproj", "{A2F2730E-492C-47DF-843E-7F3AFF9D544F}"
EndProject
Project("{FAE04EC0-301F-11D3-BF4B-00C04F79EFBC}") = "AnimalMarketService", "AnimalMarketService\AnimalMarketService.csproj", "{4D58E19F-AB7B-42DF-8D9E-07C09B1C2602}"
EndProject
Project("{930C7802-8A8C-48F9-8165-68863BCCD9DD}") = "SetupAnimalMarketService", "SetupAnimalMarketService\SetupAnimalMarketService.wixproj", "{31C4003C-6363-4B69-92E8-B0D2DAB1D80F}"
	ProjectSection(ProjectDependencies) = postProject
		{4D58E19F-AB7B-42DF-8D9E-07C09B1C2602} = {4D58E19F-AB7B-42DF-8D9E-07C09B1C2602}
	EndProjectSection
EndProject
Project("{FAE04EC0-301F-11D3-BF4B-00C04F79EFBC}") = "AnimalMarketDal", "AnimalMarketDal\AnimalMarketDal.csproj", "{3493B3C9-E980-4B2A-8F44-FD9AB2A5BF0D}"
EndProject
Project("{FAE04EC0-301F-11D3-BF4B-00C04F79EFBC}") = "AnimalMarketCommon", "AnimalMarketCommon\AnimalMarketCommon.csproj", "{CE9686EA-D2C6-4FCC-8918-225414288150}"
EndProject
Global
	GlobalSection(SolutionConfigurationPlatforms) = preSolution
		Debug|Any CPU = Debug|Any CPU
		Debug|Mixed Platforms = Debug|Mixed Platforms
		Debug|x86 = Debug|x86
		Release|Any CPU = Release|Any CPU
		Release|Mixed Platforms = Release|Mixed Platforms
		Release|x86 = Release|x86
	EndGlobalSection
	GlobalSection(ProjectConfigurationPlatforms) = postSolution
		{A2F2730E-492C-47DF-843E-7F3AFF9D544F}.Debug|Any CPU.ActiveCfg = Debug|Any CPU
		{A2F2730E-492C-47DF-843E-7F3AFF9D544F}.Debug|Any CPU.Build.0 = Debug|Any CPU
		{A2F2730E-492C-47DF-843E-7F3AFF9D544F}.Debug|Mixed Platforms.ActiveCfg = Debug|x86
		{A2F2730E-492C-47DF-843E-7F3AFF9D544F}.Debug|Mixed Platforms.Build.0 = Debug|x86
		{A2F2730E-492C-47DF-843E-7F3AFF9D544F}.Debug|x86.ActiveCfg = Debug|x86
		{A2F2730E-492C-47DF-843E-7F3AFF9D544F}.Debug|x86.Build.0 = Debug|x86
		{A2F2730E-492C-47DF-843E-7F3AFF9D544F}.Release|Any CPU.ActiveCfg = Release|x86
		{A2F2730E-492C-47DF-843E-7F3AFF9D544F}.Release|Any CPU.Build.0 = Release|x86
		{A2F2730E-492C-47DF-843E-7F3AFF9D544F}.Release|Mixed Platforms.ActiveCfg = Release|Any CPU
		{A2F2730E-492C-47DF-843E-7F3AFF9D544F}.Release|Mixed Platforms.Build.0 = Release|Any CPU
		{A2F2730E-492C-47DF-843E-7F3AFF9D544F}.Release|x86.ActiveCfg = Release|Any CPU
		{4D58E19F-AB7B-42DF-8D9E-07C09B1C2602}.Debug|Any CPU.ActiveCfg = Debug|Any CPU
		{4D58E19F-AB7B-42DF-8D9E-07C09B1C2602}.Debug|Any CPU.Build.0 = Debug|Any CPU
		{4D58E19F-AB7B-42DF-8D9E-07C09B1C2602}.Debug|Mixed Platforms.ActiveCfg = Debug|x86
		{4D58E19F-AB7B-42DF-8D9E-07C09B1C2602}.Debug|Mixed Platforms.Build.0 = Debug|x86
		{4D58E19F-AB7B-42DF-8D9E-07C09B1C2602}.Debug|x86.ActiveCfg = Debug|x86
		{4D58E19F-AB7B-42DF-8D9E-07C09B1C2602}.Debug|x86.Build.0 = Debug|x86
		{4D58E19F-AB7B-42DF-8D9E-07C09B1C2602}.Release|Any CPU.ActiveCfg = Release|x86
		{4D58E19F-AB7B-42DF-8D9E-07C09B1C2602}.Release|Any CPU.Build.0 = Release|x86
		{4D58E19F-AB7B-42DF-8D9E-07C09B1C2602}.Release|Mixed Platforms.ActiveCfg = Release|Any CPU
		{4D58E19F-AB7B-42DF-8D9E-07C09B1C2602}.Release|Mixed Platforms.Build.0 = Release|Any CPU
		{4D58E19F-AB7B-42DF-8D9E-07C09B1C2602}.Release|x86.ActiveCfg = Release|Any CPU
		{31C4003C-6363-4B69-92E8-B0D2DAB1D80F}.Debug|Any CPU.ActiveCfg = Debug|x86
		{31C4003C-6363-4B69-92E8-B0D2DAB1D80F}.Debug|Mixed Platforms.ActiveCfg = Debug|x86
		{31C4003C-6363-4B69-92E8-B0D2DAB1D80F}.Debug|x86.ActiveCfg = Debug|x86
		{31C4003C-6363-4B69-92E8-B0D2DAB1D80F}.Release|Any CPU.ActiveCfg = Release|x86
		{31C4003C-6363-4B69-92E8-B0D2DAB1D80F}.Release|Mixed Platforms.ActiveCfg = Release|x86
		{31C4003C-6363-4B69-92E8-B0D2DAB1D80F}.Release|Mixed Platforms.Build.0 = Release|x86
		{31C4003C-6363-4B69-92E8-B0D2DAB1D80F}.Release|x86.ActiveCfg = Release|x86
		{31C4003C-6363-4B69-92E8-B0D2DAB1D80F}.Release|x86.Build.0 = Release|x86
		{3493B3C9-E980-4B2A-8F44-FD9AB2A5BF0D}.Debug|Any CPU.ActiveCfg = Debug|Any CPU
		{3493B3C9-E980-4B2A-8F44-FD9AB2A5BF0D}.Debug|Any CPU.Build.0 = Debug|Any CPU
		{3493B3C9-E980-4B2A-8F44-FD9AB2A5BF0D}.Debug|Mixed Platforms.ActiveCfg = Debug|x86
		{3493B3C9-E980-4B2A-8F44-FD9AB2A5BF0D}.Debug|Mixed Platforms.Build.0 = Debug|x86
		{3493B3C9-E980-4B2A-8F44-FD9AB2A5BF0D}.Debug|x86.ActiveCfg = Debug|x86
		{3493B3C9-E980-4B2A-8F44-FD9AB2A5BF0D}.Debug|x86.Build.0 = Debug|x86
		{3493B3C9-E980-4B2A-8F44-FD9AB2A5BF0D}.Release|Any CPU.ActiveCfg = Release|x86
		{3493B3C9-E980-4B2A-8F44-FD9AB2A5BF0D}.Release|Any CPU.Build.0 = Release|x86
		{3493B3C9-E980-4B2A-8F44-FD9AB2A5BF0D}.Release|Mixed Platforms.ActiveCfg = Release|Any CPU
		{3493B3C9-E980-4B2A-8F44-FD9AB2A5BF0D}.Release|Mixed Platforms.Build.0 = Release|Any CPU
		{3493B3C9-E980-4B2A-8F44-FD9AB2A5BF0D}.Release|x86.ActiveCfg = Release|Any CPU
		{CE9686EA-D2C6-4FCC-8918-225414288150}.Debug|Any CPU.ActiveCfg = Debug|Any CPU
		{CE9686EA-D2C6-4FCC-8918-225414288150}.Debug|Any CPU.Build.0 = Debug|Any CPU
		{CE9686EA-D2C6-4FCC-8918-225414288150}.Debug|Mixed Platforms.ActiveCfg = Debug|x86
		{CE9686EA-D2C6-4FCC-8918-225414288150}.Debug|Mixed Platforms.Build.0 = Debug|x86
		{CE9686EA-D2C6-4FCC-8918-225414288150}.Debug|x86.ActiveCfg = Debug|x86
		{CE9686EA-D2C6-4FCC-8918-225414288150}.Debug|x86.Build.0 = Debug|x86
		{CE9686EA-D2C6-4FCC-8918-225414288150}.Release|Any CPU.ActiveCfg = Release|x86
		{CE9686EA-D2C6-4FCC-8918-225414288150}.Release|Any CPU.Build.0 = Release|x86
		{CE9686EA-D2C6-4FCC-8918-225414288150}.Release|Mixed Platforms.ActiveCfg = Release|Any CPU
		{CE9686EA-D2C6-4FCC-8918-225414288150}.Release|Mixed Platforms.Build.0 = Release|Any CPU
		{CE9686EA-D2C6-4FCC-8918-225414288150}.Release|x86.ActiveCfg = Release|Any CPU
	EndGlobalSection
	GlobalSection(SolutionProperties) = preSolution
		HideSolutionNode = FALSE
	EndGlobalSection
EndGlobal
